PODS:
  - ReactiveCocoa (2.1.4):
    - ReactiveCocoa/Core
    - ReactiveCocoa/no-arc
  - ReactiveCocoa/Core (2.1.4):
    - ReactiveCocoa/no-arc
  - ReactiveCocoa/no-arc (2.1.4)

DEPENDENCIES:
  - ReactiveCocoa (= 2.1.4)

SPEC CHECKSUMS:
  ReactiveCocoa: dd0c6a84d368d0980e5c4253d1a7f0a0178e0751

COCOAPODS: 0.33.1
